
Microsoft Visual Studio Solution File, Format Version 12.00
# Visual Studio 15
VisualStudioVersion = 15.0.28010.2016
MinimumVisualStudioVersion = 10.0.40219.1
Project("{FAE04EC0-301F-11D3-BF4B-00C04F79EFBC}") = "EhApp.Android", "EhApp\EhApp.Android\EhApp.Android.csproj", "{79A3494A-A208-474A-8520-0DC73A0D7B27}"
EndProject
Project("{FAE04EC0-301F-11D3-BF4B-00C04F79EFBC}") = "EhApp.iOS", "EhApp\EhApp.iOS\EhApp.iOS.csproj", "{23200A97-B700-4910-8173-C853AA56F28F}"
EndProject
Project("{FAE04EC0-301F-11D3-BF4B-00C04F79EFBC}") = "EhApp", "EhApp\EhApp\EhApp.csproj", "{041DC6BC-BD11-4179-8320-E9E5ABF4BE10}"
EndProject
Global
	GlobalSection(SolutionConfigurationPlatforms) = preSolution
		Ad-Hoc|Any CPU = Ad-Hoc|Any CPU
		Ad-Hoc|iPhone = Ad-Hoc|iPhone
		Ad-Hoc|iPhoneSimulator = Ad-Hoc|iPhoneSimulator
		AppStore|Any CPU = AppStore|Any CPU
		AppStore|iPhone = AppStore|iPhone
		AppStore|iPhoneSimulator = AppStore|iPhoneSimulator
		Debug|Any CPU = Debug|Any CPU
		Debug|iPhone = Debug|iPhone
		Debug|iPhoneSimulator = Debug|iPhoneSimulator
		Release|Any CPU = Release|Any CPU
		Release|iPhone = Release|iPhone
		Release|iPhoneSimulator = Release|iPhoneSimulator
	EndGlobalSection
	GlobalSection(ProjectConfigurationPlatforms) = postSolution
		{79A3494A-A208-474A-8520-0DC73A0D7B27}.Ad-Hoc|Any CPU.ActiveCfg = Release|Any CPU
		{79A3494A-A208-474A-8520-0DC73A0D7B27}.Ad-Hoc|Any CPU.Build.0 = Release|Any CPU
		{79A3494A-A208-474A-8520-0DC73A0D7B27}.Ad-Hoc|Any CPU.Deploy.0 = Release|Any CPU
		{79A3494A-A208-474A-8520-0DC73A0D7B27}.Ad-Hoc|iPhone.ActiveCfg = Release|Any CPU
		{79A3494A-A208-474A-8520-0DC73A0D7B27}.Ad-Hoc|iPhone.Build.0 = Release|Any CPU
		{79A3494A-A208-474A-8520-0DC73A0D7B27}.Ad-Hoc|iPhone.Deploy.0 = Release|Any CPU
		{79A3494A-A208-474A-8520-0DC73A0D7B27}.Ad-Hoc|iPhoneSimulator.ActiveCfg = Release|Any CPU
		{79A3494A-A208-474A-8520-0DC73A0D7B27}.Ad-Hoc|iPhoneSimulator.Build.0 = Release|Any CPU
		{79A3494A-A208-474A-8520-0DC73A0D7B27}.Ad-Hoc|iPhoneSimulator.Deploy.0 = Release|Any CPU
		{79A3494A-A208-474A-8520-0DC73A0D7B27}.AppStore|Any CPU.ActiveCfg = Release|Any CPU
		{79A3494A-A208-474A-8520-0DC73A0D7B27}.AppStore|Any CPU.Build.0 = Release|Any CPU
		{79A3494A-A208-474A-8520-0DC73A0D7B27}.AppStore|Any CPU.Deploy.0 = Release|Any CPU
		{79A3494A-A208-474A-8520-0DC73A0D7B27}.AppStore|iPhone.ActiveCfg = Release|Any CPU
		{79A3494A-A208-474A-8520-0DC73A0D7B27}.AppStore|iPhone.Build.0 = Release|Any CPU
		{79A3494A-A208-474A-8520-0DC73A0D7B27}.AppStore|iPhone.Deploy.0 = Release|Any CPU
		{79A3494A-A208-474A-8520-0DC73A0D7B27}.AppStore|iPhoneSimulator.ActiveCfg = Release|Any CPU
		{79A3494A-A208-474A-8520-0DC73A0D7B27}.AppStore|iPhoneSimulator.Build.0 = Release|Any CPU
		{79A3494A-A208-474A-8520-0DC73A0D7B27}.AppStore|iPhoneSimulator.Deploy.0 = Release|Any CPU
		{79A3494A-A208-474A-8520-0DC73A0D7B27}.Debug|Any CPU.ActiveCfg = Debug|Any CPU
		{79A3494A-A208-474A-8520-0DC73A0D7B27}.Debug|Any CPU.Build.0 = Debug|Any CPU
		{79A3494A-A208-474A-8520-0DC73A0D7B27}.Debug|Any CPU.Deploy.0 = Debug|Any CPU
		{79A3494A-A208-474A-8520-0DC73A0D7B27}.Debug|iPhone.ActiveCfg = Debug|Any CPU
		{79A3494A-A208-474A-8520-0DC73A0D7B27}.Debug|iPhone.Build.0 = Debug|Any CPU
		{79A3494A-A208-474A-8520-0DC73A0D7B27}.Debug|iPhone.Deploy.0 = Debug|Any CPU
		{79A3494A-A208-474A-8520-0DC73A0D7B27}.Debug|iPhoneSimulator.ActiveCfg = Debug|Any CPU
		{79A3494A-A208-474A-8520-0DC73A0D7B27}.Debug|iPhoneSimulator.Build.0 = Debug|Any CPU
		{79A3494A-A208-474A-8520-0DC73A0D7B27}.Debug|iPhoneSimulator.Deploy.0 = Debug|Any CPU
		{79A3494A-A208-474A-8520-0DC73A0D7B27}.Release|Any CPU.ActiveCfg = Release|Any CPU
		{79A3494A-A208-474A-8520-0DC73A0D7B27}.Release|Any CPU.Build.0 = Release|Any CPU
		{79A3494A-A208-474A-8520-0DC73A0D7B27}.Release|Any CPU.Deploy.0 = Release|Any CPU
		{79A3494A-A208-474A-8520-0DC73A0D7B27}.Release|iPhone.ActiveCfg = Release|Any CPU
		{79A3494A-A208-474A-8520-0DC73A0D7B27}.Release|iPhone.Build.0 = Release|Any CPU
		{79A3494A-A208-474A-8520-0DC73A0D7B27}.Release|iPhone.Deploy.0 = Release|Any CPU
		{79A3494A-A208-474A-8520-0DC73A0D7B27}.Release|iPhoneSimulator.ActiveCfg = Release|Any CPU
		{79A3494A-A208-474A-8520-0DC73A0D7B27}.Release|iPhoneSimulator.Build.0 = Release|Any CPU
		{79A3494A-A208-474A-8520-0DC73A0D7B27}.Release|iPhoneSimulator.Deploy.0 = Release|Any CPU
		{23200A97-B700-4910-8173-C853AA56F28F}.Ad-Hoc|Any CPU.ActiveCfg = Ad-Hoc|iPhone
		{23200A97-B700-4910-8173-C853AA56F28F}.Ad-Hoc|Any CPU.Build.0 = Ad-Hoc|iPhone
		{23200A97-B700-4910-8173-C853AA56F28F}.Ad-Hoc|Any CPU.Deploy.0 = Ad-Hoc|iPhone
		{23200A97-B700-4910-8173-C853AA56F28F}.Ad-Hoc|iPhone.ActiveCfg = Ad-Hoc|iPhone
		{23200A97-B700-4910-8173-C853AA56F28F}.Ad-Hoc|iPhone.Build.0 = Ad-Hoc|iPhone
		{23200A97-B700-4910-8173-C853AA56F28F}.Ad-Hoc|iPhone.Deploy.0 = Ad-Hoc|iPhone
		{23200A97-B700-4910-8173-C853AA56F28F}.Ad-Hoc|iPhoneSimulator.ActiveCfg = Ad-Hoc|iPhoneSimulator
		{23200A97-B700-4910-8173-C853AA56F28F}.Ad-Hoc|iPhoneSimulator.Build.0 = Ad-Hoc|iPhoneSimulator
		{23200A97-B700-4910-8173-C853AA56F28F}.Ad-Hoc|iPhoneSimulator.Deploy.0 = Ad-Hoc|iPhoneSimulator
		{23200A97-B700-4910-8173-C853AA56F28F}.AppStore|Any CPU.ActiveCfg = AppStore|iPhone
		{23200A97-B700-4910-8173-C853AA56F28F}.AppStore|Any CPU.Build.0 = AppStore|iPhone
		{23200A97-B700-4910-8173-C853AA56F28F}.AppStore|Any CPU.Deploy.0 = AppStore|iPhone
		{23200A97-B700-4910-8173-C853AA56F28F}.AppStore|iPhone.ActiveCfg = AppStore|iPhone
		{23200A97-B700-4910-8173-C853AA56F28F}.AppStore|iPhone.Build.0 = AppStore|iPhone
		{23200A97-B700-4910-8173-C853AA56F28F}.AppStore|iPhone.Deploy.0 = AppStore|iPhone
		{23200A97-B700-4910-8173-C853AA56F28F}.AppStore|iPhoneSimulator.ActiveCfg = AppStore|iPhoneSimulator
		{23200A97-B700-4910-8173-C853AA56F28F}.AppStore|iPhoneSimulator.Build.0 = AppStore|iPhoneSimulator
		{23200A97-B700-4910-8173-C853AA56F28F}.AppStore|iPhoneSimulator.Deploy.0 = AppStore|iPhoneSimulator
		{23200A97-B700-4910-8173-C853AA56F28F}.Debug|Any CPU.ActiveCfg = Debug|iPhoneSimulator
		{23200A97-B700-4910-8173-C853AA56F28F}.Debug|Any CPU.Build.0 = Debug|iPhoneSimulator
		{23200A97-B700-4910-8173-C853AA56F28F}.Debug|Any CPU.Deploy.0 = Debug|iPhoneSimulator
		{23200A97-B700-4910-8173-C853AA56F28F}.Debug|iPhone.ActiveCfg = Debug|iPhone
		{23200A97-B700-4910-8173-C853AA56F28F}.Debug|iPhone.Build.0 = Debug|iPhone
		{23200A97-B700-4910-8173-C853AA56F28F}.Debug|iPhone.Deploy.0 = Debug|iPhone
		{23200A97-B700-4910-8173-C853AA56F28F}.Debug|iPhoneSimulator.ActiveCfg = Debug|iPhoneSimulator
		{23200A97-B700-4910-8173-C853AA56F28F}.Debug|iPhoneSimulator.Build.0 = Debug|iPhoneSimulator
		{23200A97-B700-4910-8173-C853AA56F28F}.Debug|iPhoneSimulator.Deploy.0 = Debug|iPhoneSimulator
		{23200A97-B700-4910-8173-C853AA56F28F}.Release|Any CPU.ActiveCfg = Release|iPhone
		{23200A97-B700-4910-8173-C853AA56F28F}.Release|Any CPU.Build.0 = Release|iPhone
		{23200A97-B700-4910-8173-C853AA56F28F}.Release|Any CPU.Deploy.0 = Release|iPhone
		{23200A97-B700-4910-8173-C853AA56F28F}.Release|iPhone.ActiveCfg = Release|iPhone
		{23200A97-B700-4910-8173-C853AA56F28F}.Release|iPhone.Build.0 = Release|iPhone
		{23200A97-B700-4910-8173-C853AA56F28F}.Release|iPhone.Deploy.0 = Release|iPhone
		{23200A97-B700-4910-8173-C853AA56F28F}.Release|iPhoneSimulator.ActiveCfg = Release|iPhoneSimulator
		{23200A97-B700-4910-8173-C853AA56F28F}.Release|iPhoneSimulator.Build.0 = Release|iPhoneSimulator
		{23200A97-B700-4910-8173-C853AA56F28F}.Release|iPhoneSimulator.Deploy.0 = Release|iPhoneSimulator
		{041DC6BC-BD11-4179-8320-E9E5ABF4BE10}.Ad-Hoc|Any CPU.ActiveCfg = Debug|Any CPU
		{041DC6BC-BD11-4179-8320-E9E5ABF4BE10}.Ad-Hoc|Any CPU.Build.0 = Debug|Any CPU
		{041DC6BC-BD11-4179-8320-E9E5ABF4BE10}.Ad-Hoc|Any CPU.Deploy.0 = Debug|Any CPU
		{041DC6BC-BD11-4179-8320-E9E5ABF4BE10}.Ad-Hoc|iPhone.ActiveCfg = Debug|Any CPU
		{041DC6BC-BD11-4179-8320-E9E5ABF4BE10}.Ad-Hoc|iPhone.Build.0 = Debug|Any CPU
		{041DC6BC-BD11-4179-8320-E9E5ABF4BE10}.Ad-Hoc|iPhone.Deploy.0 = Debug|Any CPU
		{041DC6BC-BD11-4179-8320-E9E5ABF4BE10}.Ad-Hoc|iPhoneSimulator.ActiveCfg = Debug|Any CPU
		{041DC6BC-BD11-4179-8320-E9E5ABF4BE10}.Ad-Hoc|iPhoneSimulator.Build.0 = Debug|Any CPU
		{041DC6BC-BD11-4179-8320-E9E5ABF4BE10}.Ad-Hoc|iPhoneSimulator.Deploy.0 = Debug|Any CPU
		{041DC6BC-BD11-4179-8320-E9E5ABF4BE10}.AppStore|Any CPU.ActiveCfg = Debug|Any CPU
		{041DC6BC-BD11-4179-8320-E9E5ABF4BE10}.AppStore|Any CPU.Build.0 = Debug|Any CPU
		{041DC6BC-BD11-4179-8320-E9E5ABF4BE10}.AppStore|Any CPU.Deploy.0 = Debug|Any CPU
		{041DC6BC-BD11-4179-8320-E9E5ABF4BE10}.AppStore|iPhone.ActiveCfg = Debug|Any CPU
		{041DC6BC-BD11-4179-8320-E9E5ABF4BE10}.AppStore|iPhone.Build.0 = Debug|Any CPU
		{041DC6BC-BD11-4179-8320-E9E5ABF4BE10}.AppStore|iPhone.Deploy.0 = Debug|Any CPU
		{041DC6BC-BD11-4179-8320-E9E5ABF4BE10}.AppStore|iPhoneSimulator.ActiveCfg = Debug|Any CPU
		{041DC6BC-BD11-4179-8320-E9E5ABF4BE10}.AppStore|iPhoneSimulator.Build.0 = Debug|Any CPU
		{041DC6BC-BD11-4179-8320-E9E5ABF4BE10}.AppStore|iPhoneSimulator.Deploy.0 = Debug|Any CPU
		{041DC6BC-BD11-4179-8320-E9E5ABF4BE10}.Debug|Any CPU.ActiveCfg = Debug|Any CPU
		{041DC6BC-BD11-4179-8320-E9E5ABF4BE10}.Debug|Any CPU.Build.0 = Debug|Any CPU
		{041DC6BC-BD11-4179-8320-E9E5ABF4BE10}.Debug|Any CPU.Deploy.0 = Debug|Any CPU
		{041DC6BC-BD11-4179-8320-E9E5ABF4BE10}.Debug|iPhone.ActiveCfg = Debug|Any CPU
		{041DC6BC-BD11-4179-8320-E9E5ABF4BE10}.Debug|iPhone.Build.0 = Debug|Any CPU
		{041DC6BC-BD11-4179-8320-E9E5ABF4BE10}.Debug|iPhone.Deploy.0 = Debug|Any CPU
		{041DC6BC-BD11-4179-8320-E9E5ABF4BE10}.Debug|iPhoneSimulator.ActiveCfg = Debug|Any CPU
		{041DC6BC-BD11-4179-8320-E9E5ABF4BE10}.Debug|iPhoneSimulator.Build.0 = Debug|Any CPU
		{041DC6BC-BD11-4179-8320-E9E5ABF4BE10}.Debug|iPhoneSimulator.Deploy.0 = Debug|Any CPU
		{041DC6BC-BD11-4179-8320-E9E5ABF4BE10}.Release|Any CPU.ActiveCfg = Release|Any CPU
		{041DC6BC-BD11-4179-8320-E9E5ABF4BE10}.Release|Any CPU.Build.0 = Release|Any CPU
		{041DC6BC-BD11-4179-8320-E9E5ABF4BE10}.Release|Any CPU.Deploy.0 = Release|Any CPU
		{041DC6BC-BD11-4179-8320-E9E5ABF4BE10}.Release|iPhone.ActiveCfg = Release|Any CPU
		{041DC6BC-BD11-4179-8320-E9E5ABF4BE10}.Release|iPhone.Build.0 = Release|Any CPU
		{041DC6BC-BD11-4179-8320-E9E5ABF4BE10}.Release|iPhone.Deploy.0 = Release|Any CPU
		{041DC6BC-BD11-4179-8320-E9E5ABF4BE10}.Release|iPhoneSimulator.ActiveCfg = Release|Any CPU
		{041DC6BC-BD11-4179-8320-E9E5ABF4BE10}.Release|iPhoneSimulator.Build.0 = Release|Any CPU
		{041DC6BC-BD11-4179-8320-E9E5ABF4BE10}.Release|iPhoneSimulator.Deploy.0 = Release|Any CPU
	EndGlobalSection
	GlobalSection(SolutionProperties) = preSolution
		HideSolutionNode = FALSE
	EndGlobalSection
	GlobalSection(ExtensibilityGlobals) = postSolution
		SolutionGuid = {8D36771B-B549-4CBC-96E2-D55C3CDC2CEC}
	EndGlobalSection
EndGlobal
